
Microsoft Visual Studio Solution File, Format Version 12.00
# Visual Studio 15
VisualStudioVersion = 15.0.28307.438
MinimumVisualStudioVersion = 10.0.40219.1
Project("{FAE04EC0-301F-11D3-BF4B-00C04F79EFBC}") = "PsToH264", "PsToH264\PsToH264.csproj", "{4F627EBF-B0F3-43E6-94A7-0890B1CC4625}"
EndProject
Global
	GlobalSection(SolutionConfigurationPlatforms) = preSolution
		Debug|Any CPU = Debug|Any CPU
		Release|Any CPU = Release|Any CPU
	EndGlobalSection
	GlobalSection(ProjectConfigurationPlatforms) = postSolution
		{4F627EBF-B0F3-43E6-94A7-0890B1CC4625}.Debug|Any CPU.ActiveCfg = Debug|Any CPU
		{4F627EBF-B0F3-43E6-94A7-0890B1CC4625}.Debug|Any CPU.Build.0 = Debug|Any CPU
		{4F627EBF-B0F3-43E6-94A7-0890B1CC4625}.Release|Any CPU.ActiveCfg = Release|Any CPU
		{4F627EBF-B0F3-43E6-94A7-0890B1CC4625}.Release|Any CPU.Build.0 = Release|Any CPU
	EndGlobalSection
	GlobalSection(SolutionProperties) = preSolution
		HideSolutionNode = FALSE
	EndGlobalSection
	GlobalSection(ExtensibilityGlobals) = postSolution
		SolutionGuid = {80EF5C53-9978-4A15-A92A-CBDE8550F8F9}
	EndGlobalSection
EndGlobal
